
Microsoft Visual Studio Solution File, Format Version 12.00
# Visual Studio Version 17
VisualStudioVersion = 17.12.35707.178
MinimumVisualStudioVersion = 10.0.40219.1
Project("{2150E333-8FDC-42A3-9474-1A3956D46DE8}") = "frontend", "frontend", "{26788BF1-3703-457A-AD92-C8A1C1569BA5}"
EndProject
Project("{2150E333-8FDC-42A3-9474-1A3956D46DE8}") = "services", "services", "{B120EC6E-7628-4C37-9F62-E0DED58EC5D4}"
EndProject
Project("{E24C65DC-7377-472B-9ABA-BC803B73C61A}") = "CloudNativePortal", "frontend\CloudNativePortal\", "{08D19522-8B88-480C-8B1D-DC51E8983C06}"
	ProjectSection(WebsiteProperties) = preProject
		TargetFrameworkMoniker = ".NETFramework,Version%3Dv4.8.1"
		Debug.AspNetCompiler.VirtualPath = "/localhost_56941"
		Debug.AspNetCompiler.PhysicalPath = "frontend\CloudNativePortal\"
		Debug.AspNetCompiler.TargetPath = "PrecompiledWeb\localhost_56941\"
		Debug.AspNetCompiler.Updateable = "true"
		Debug.AspNetCompiler.ForceOverwrite = "true"
		Debug.AspNetCompiler.FixedNames = "false"
		Debug.AspNetCompiler.Debug = "True"
		Release.AspNetCompiler.VirtualPath = "/localhost_56941"
		Release.AspNetCompiler.PhysicalPath = "frontend\CloudNativePortal\"
		Release.AspNetCompiler.TargetPath = "PrecompiledWeb\localhost_56941\"
		Release.AspNetCompiler.Updateable = "true"
		Release.AspNetCompiler.ForceOverwrite = "true"
		Release.AspNetCompiler.FixedNames = "false"
		Release.AspNetCompiler.Debug = "False"
		VWDPort = "56941"
		SlnRelativePath = "frontend\CloudNativePortal\"
	EndProjectSection
EndProject
Project("{2150E333-8FDC-42A3-9474-1A3956D46DE8}") = "CloudNative.Identity", "CloudNative.Identity", "{92BBAA7F-070F-46C0-A8CB-90FB43C4C831}"
EndProject
Project("{FAE04EC0-301F-11D3-BF4B-00C04F79EFBC}") = "CloudNative.Identity.Api", "services\CloudNative.Identity\CloudNative.Identity.Api\CloudNative.Identity.Api.csproj", "{5DD7FC09-D195-4B9E-8EB2-4C702D39C54B}"
EndProject
Project("{FAE04EC0-301F-11D3-BF4B-00C04F79EFBC}") = "CloudNative.Identity.Core", "services\CloudNative.Identity\CloudNative.Identity.Core\CloudNative.Identity.Core.csproj", "{85FC7746-53B4-46A5-A434-43EB88327651}"
EndProject
Project("{FAE04EC0-301F-11D3-BF4B-00C04F79EFBC}") = "CloudNative.Identity.Application", "services\CloudNative.Identity\CloudNative.Identity.Application\CloudNative.Identity.Application.csproj", "{8A92F76D-D411-4F7C-8CC3-50940C2D78F1}"
EndProject
Project("{FAE04EC0-301F-11D3-BF4B-00C04F79EFBC}") = "CloudNative.Identity.Infrastructure", "services\CloudNative.Identity\CloudNative.Identity.Infrastructure\CloudNative.Identity.Infrastructure.csproj", "{16461B38-1436-40C1-9754-DC6C6F965D6F}"
EndProject
Project("{2150E333-8FDC-42A3-9474-1A3956D46DE8}") = "Configuration", "Configuration", "{57ADCE5F-636E-41AC-A80F-A5FCDEA511F2}"
	ProjectSection(SolutionItems) = preProject
		docker-compose.yml = docker-compose.yml
		redis.conf = redis.conf
	EndProjectSection
EndProject
Project("{2150E333-8FDC-42A3-9474-1A3956D46DE8}") = "CloudNative.Customer", "CloudNative.Customer", "{AB5112FB-0E06-4B2C-A969-5D45D44BB62E}"
EndProject
Project("{FAE04EC0-301F-11D3-BF4B-00C04F79EFBC}") = "CloudNative.Customer.Api", "services\CloudNative.Customer\CloudNative.Customer.Api\CloudNative.Customer.Api.csproj", "{189AFC77-86C0-40EA-8334-4298E2C85C90}"
EndProject
Project("{FAE04EC0-301F-11D3-BF4B-00C04F79EFBC}") = "CloudNative.Customer.Application", "services\CloudNative.Customer\CloudNative.Customer.Application\CloudNative.Customer.Application.csproj", "{24E83F50-3EA9-4CCA-8CCD-CAD75A729A34}"
EndProject
Project("{FAE04EC0-301F-11D3-BF4B-00C04F79EFBC}") = "CloudNative.Customer.Core", "services\CloudNative.Customer\CloudNative.Customer.Core\CloudNative.Customer.Core.csproj", "{CBF532D7-84BB-4EAC-BC0E-FC3526F93748}"
EndProject
Project("{FAE04EC0-301F-11D3-BF4B-00C04F79EFBC}") = "CloudNative.Customer.Infrastructure", "services\CloudNative.Customer\CloudNative.Customer.Infrastructure\CloudNative.Customer.Infrastructure.csproj", "{8BB26889-20A2-45DB-8211-F311482417D9}"
EndProject
Project("{2150E333-8FDC-42A3-9474-1A3956D46DE8}") = "CloudNative.Common", "CloudNative.Common", "{F93E9C66-70BC-48B4-A5AB-E537DEB5D894}"
EndProject
Project("{FAE04EC0-301F-11D3-BF4B-00C04F79EFBC}") = "CloudNative.ConfigLibrary", "services\CloudNative.Common\CloudNative.ConfigLibrary\CloudNative.ConfigLibrary.csproj", "{BD54CEA4-277E-4759-B9D6-6DF1B02B577E}"
EndProject
Global
	GlobalSection(SolutionConfigurationPlatforms) = preSolution
		Debug|Any CPU = Debug|Any CPU
		Release|Any CPU = Release|Any CPU
	EndGlobalSection
	GlobalSection(ProjectConfigurationPlatforms) = postSolution
		{08D19522-8B88-480C-8B1D-DC51E8983C06}.Debug|Any CPU.ActiveCfg = Debug|Any CPU
		{08D19522-8B88-480C-8B1D-DC51E8983C06}.Debug|Any CPU.Build.0 = Debug|Any CPU
		{08D19522-8B88-480C-8B1D-DC51E8983C06}.Release|Any CPU.ActiveCfg = Debug|Any CPU
		{08D19522-8B88-480C-8B1D-DC51E8983C06}.Release|Any CPU.Build.0 = Debug|Any CPU
		{5DD7FC09-D195-4B9E-8EB2-4C702D39C54B}.Debug|Any CPU.ActiveCfg = Debug|Any CPU
		{5DD7FC09-D195-4B9E-8EB2-4C702D39C54B}.Debug|Any CPU.Build.0 = Debug|Any CPU
		{5DD7FC09-D195-4B9E-8EB2-4C702D39C54B}.Release|Any CPU.ActiveCfg = Release|Any CPU
		{5DD7FC09-D195-4B9E-8EB2-4C702D39C54B}.Release|Any CPU.Build.0 = Release|Any CPU
		{85FC7746-53B4-46A5-A434-43EB88327651}.Debug|Any CPU.ActiveCfg = Debug|Any CPU
		{85FC7746-53B4-46A5-A434-43EB88327651}.Debug|Any CPU.Build.0 = Debug|Any CPU
		{85FC7746-53B4-46A5-A434-43EB88327651}.Release|Any CPU.ActiveCfg = Release|Any CPU
		{85FC7746-53B4-46A5-A434-43EB88327651}.Release|Any CPU.Build.0 = Release|Any CPU
		{8A92F76D-D411-4F7C-8CC3-50940C2D78F1}.Debug|Any CPU.ActiveCfg = Debug|Any CPU
		{8A92F76D-D411-4F7C-8CC3-50940C2D78F1}.Debug|Any CPU.Build.0 = Debug|Any CPU
		{8A92F76D-D411-4F7C-8CC3-50940C2D78F1}.Release|Any CPU.ActiveCfg = Release|Any CPU
		{8A92F76D-D411-4F7C-8CC3-50940C2D78F1}.Release|Any CPU.Build.0 = Release|Any CPU
		{16461B38-1436-40C1-9754-DC6C6F965D6F}.Debug|Any CPU.ActiveCfg = Debug|Any CPU
		{16461B38-1436-40C1-9754-DC6C6F965D6F}.Debug|Any CPU.Build.0 = Debug|Any CPU
		{16461B38-1436-40C1-9754-DC6C6F965D6F}.Release|Any CPU.ActiveCfg = Release|Any CPU
		{16461B38-1436-40C1-9754-DC6C6F965D6F}.Release|Any CPU.Build.0 = Release|Any CPU
		{189AFC77-86C0-40EA-8334-4298E2C85C90}.Debug|Any CPU.ActiveCfg = Debug|Any CPU
		{189AFC77-86C0-40EA-8334-4298E2C85C90}.Debug|Any CPU.Build.0 = Debug|Any CPU
		{189AFC77-86C0-40EA-8334-4298E2C85C90}.Release|Any CPU.ActiveCfg = Release|Any CPU
		{189AFC77-86C0-40EA-8334-4298E2C85C90}.Release|Any CPU.Build.0 = Release|Any CPU
		{24E83F50-3EA9-4CCA-8CCD-CAD75A729A34}.Debug|Any CPU.ActiveCfg = Debug|Any CPU
		{24E83F50-3EA9-4CCA-8CCD-CAD75A729A34}.Debug|Any CPU.Build.0 = Debug|Any CPU
		{24E83F50-3EA9-4CCA-8CCD-CAD75A729A34}.Release|Any CPU.ActiveCfg = Release|Any CPU
		{24E83F50-3EA9-4CCA-8CCD-CAD75A729A34}.Release|Any CPU.Build.0 = Release|Any CPU
		{CBF532D7-84BB-4EAC-BC0E-FC3526F93748}.Debug|Any CPU.ActiveCfg = Debug|Any CPU
		{CBF532D7-84BB-4EAC-BC0E-FC3526F93748}.Debug|Any CPU.Build.0 = Debug|Any CPU
		{CBF532D7-84BB-4EAC-BC0E-FC3526F93748}.Release|Any CPU.ActiveCfg = Release|Any CPU
		{CBF532D7-84BB-4EAC-BC0E-FC3526F93748}.Release|Any CPU.Build.0 = Release|Any CPU
		{8BB26889-20A2-45DB-8211-F311482417D9}.Debug|Any CPU.ActiveCfg = Debug|Any CPU
		{8BB26889-20A2-45DB-8211-F311482417D9}.Debug|Any CPU.Build.0 = Debug|Any CPU
		{8BB26889-20A2-45DB-8211-F311482417D9}.Release|Any CPU.ActiveCfg = Release|Any CPU
		{8BB26889-20A2-45DB-8211-F311482417D9}.Release|Any CPU.Build.0 = Release|Any CPU
		{BD54CEA4-277E-4759-B9D6-6DF1B02B577E}.Debug|Any CPU.ActiveCfg = Debug|Any CPU
		{BD54CEA4-277E-4759-B9D6-6DF1B02B577E}.Debug|Any CPU.Build.0 = Debug|Any CPU
		{BD54CEA4-277E-4759-B9D6-6DF1B02B577E}.Release|Any CPU.ActiveCfg = Release|Any CPU
		{BD54CEA4-277E-4759-B9D6-6DF1B02B577E}.Release|Any CPU.Build.0 = Release|Any CPU
	EndGlobalSection
	GlobalSection(SolutionProperties) = preSolution
		HideSolutionNode = FALSE
	EndGlobalSection
	GlobalSection(NestedProjects) = preSolution
		{08D19522-8B88-480C-8B1D-DC51E8983C06} = {26788BF1-3703-457A-AD92-C8A1C1569BA5}
		{92BBAA7F-070F-46C0-A8CB-90FB43C4C831} = {B120EC6E-7628-4C37-9F62-E0DED58EC5D4}
		{5DD7FC09-D195-4B9E-8EB2-4C702D39C54B} = {92BBAA7F-070F-46C0-A8CB-90FB43C4C831}
		{85FC7746-53B4-46A5-A434-43EB88327651} = {92BBAA7F-070F-46C0-A8CB-90FB43C4C831}
		{8A92F76D-D411-4F7C-8CC3-50940C2D78F1} = {92BBAA7F-070F-46C0-A8CB-90FB43C4C831}
		{16461B38-1436-40C1-9754-DC6C6F965D6F} = {92BBAA7F-070F-46C0-A8CB-90FB43C4C831}
		{AB5112FB-0E06-4B2C-A969-5D45D44BB62E} = {B120EC6E-7628-4C37-9F62-E0DED58EC5D4}
		{189AFC77-86C0-40EA-8334-4298E2C85C90} = {AB5112FB-0E06-4B2C-A969-5D45D44BB62E}
		{24E83F50-3EA9-4CCA-8CCD-CAD75A729A34} = {AB5112FB-0E06-4B2C-A969-5D45D44BB62E}
		{CBF532D7-84BB-4EAC-BC0E-FC3526F93748} = {AB5112FB-0E06-4B2C-A969-5D45D44BB62E}
		{8BB26889-20A2-45DB-8211-F311482417D9} = {AB5112FB-0E06-4B2C-A969-5D45D44BB62E}
		{F93E9C66-70BC-48B4-A5AB-E537DEB5D894} = {B120EC6E-7628-4C37-9F62-E0DED58EC5D4}
		{BD54CEA4-277E-4759-B9D6-6DF1B02B577E} = {F93E9C66-70BC-48B4-A5AB-E537DEB5D894}
	EndGlobalSection
EndGlobal
